
Microsoft Visual Studio Solution File, Format Version 12.00
# Visual Studio Version 17
VisualStudioVersion = 17.0.31521.260
MinimumVisualStudioVersion = 10.0.40219.1
Project("{2150E333-8FDC-42A3-9474-1A3956D46DE8}") = "Host", "Host", "{59E30FED-7AE3-4AB8-AF4D-036891BDACA0}"
EndProject
Project("{2150E333-8FDC-42A3-9474-1A3956D46DE8}") = "Swan", "Swan", "{359CCA25-D27B-4EE5-A3C3-428745E27EB3}"
EndProject
Project("{9A19103F-16F7-4668-BE54-9A1E7A4F7556}") = "DionysosFX.Host", "src\DionysosFX.Host\DionysosFX.Host.csproj", "{FFBDA4BA-ED22-4846-B5CF-764F06DA6522}"
EndProject
Project("{9A19103F-16F7-4668-BE54-9A1E7A4F7556}") = "DionysosFX.Swan", "src\DionysosFX.Swan\DionysosFX.Swan.csproj", "{DED9D86E-BDF1-4303-845B-A5F98CEE2319}"
EndProject
Project("{2150E333-8FDC-42A3-9474-1A3956D46DE8}") = "Sample", "Sample", "{D5C10A04-B629-4B38-9483-C00A239C2B3F}"
EndProject
Project("{9A19103F-16F7-4668-BE54-9A1E7A4F7556}") = "DionysosFX.WebApplication", "src\DionysosFX.WebApplication\DionysosFX.WebApplication.csproj", "{BCF2396D-746D-4BE4-B301-05AF974121F9}"
EndProject
Project("{2150E333-8FDC-42A3-9474-1A3956D46DE8}") = "Modules", "Modules", "{C6DA0C85-A059-4B2E-8DD5-631ABB4FAAAC}"
EndProject
Project("{9A19103F-16F7-4668-BE54-9A1E7A4F7556}") = "DionysosFX.Module.StaticFile", "src\DionysosFX.Module.StaticFile\DionysosFX.Module.StaticFile.csproj", "{C03D7200-F60C-465F-97EB-A2574FD45DD3}"
EndProject
Project("{9A19103F-16F7-4668-BE54-9A1E7A4F7556}") = "DionysosFX.Module.Cors", "src\DionysosFX.Module.Cors\DionysosFX.Module.Cors.csproj", "{3825E263-4D29-447B-91A5-312DFB6B175F}"
EndProject
Project("{9A19103F-16F7-4668-BE54-9A1E7A4F7556}") = "DionysosFX.Module.WebApi", "src\DionysosFX.Module.WebApi\DionysosFX.Module.WebApi.csproj", "{09E6FF0A-59B2-4EF3-9053-252DCD9D7D96}"
EndProject
Project("{9A19103F-16F7-4668-BE54-9A1E7A4F7556}") = "DionysosFX.Module.WebSocket", "src\DionysosFX.Module.WebSocket\DionysosFX.Module.WebSocket.csproj", "{8E51D603-3489-4BA2-BC48-2BC0E7D50FB5}"
EndProject
Project("{9A19103F-16F7-4668-BE54-9A1E7A4F7556}") = "DionysosFX.Module.OpenApi", "src\DionysosFX.Module.OpenApi\DionysosFX.Module.OpenApi.csproj", "{B70C4E1F-9136-4238-A617-38DEA38A4423}"
EndProject
Project("{9A19103F-16F7-4668-BE54-9A1E7A4F7556}") = "DionysosFX.Module.FluentValidator", "src\DionysosFX.Module.FluentValidator\DionysosFX.Module.FluentValidator.csproj", "{E62C27FA-E0B9-4377-8DC7-2C1B9A11BB8B}"
EndProject
Project("{2150E333-8FDC-42A3-9474-1A3956D46DE8}") = "Templates", "Templates", "{14B3CC56-9B46-48AD-8DCD-E18A458D08C9}"
EndProject
Project("{9A19103F-16F7-4668-BE54-9A1E7A4F7556}") = "DionysosFX.Template.WebAPI", "template\DionysosFX.Template.WebAPI\DionysosFX.Template.WebAPI.csproj", "{09991608-7CC3-40F6-A69D-F78B2ED494D7}"
EndProject
Project("{9A19103F-16F7-4668-BE54-9A1E7A4F7556}") = "DionysosFX.Module.Cors.Test", "test\DionysosFX.Module.Cors.Test\DionysosFX.Module.Cors.Test.csproj", "{CF28EBCC-CB31-4904-AC5E-68A0FDDD81BF}"
EndProject
Project("{9A19103F-16F7-4668-BE54-9A1E7A4F7556}") = "DionysosFX.Module.FluentValidator.Test", "test\DionysosFX.Module.FluentValidator.Test\DionysosFX.Module.FluentValidator.Test.csproj", "{E5551B9C-BB68-497B-AA94-74A5949B6F29}"
EndProject
Project("{9A19103F-16F7-4668-BE54-9A1E7A4F7556}") = "DionysosFX.Module.OpenApi.Test", "test\DionysosFX.Module.OpenApi.Test\DionysosFX.Module.OpenApi.Test.csproj", "{881D9924-A161-4882-B54E-FA7F7DB72D76}"
EndProject
Project("{9A19103F-16F7-4668-BE54-9A1E7A4F7556}") = "DionysosFX.Module.StaticFile.Test", "test\DionysosFX.Module.StaticFile.Test\DionysosFX.Module.StaticFile.Test.csproj", "{AC4B1756-F8A4-42CF-A383-C7C9256C79B9}"
EndProject
Project("{9A19103F-16F7-4668-BE54-9A1E7A4F7556}") = "DionysosFX.Module.WebApi.Test", "test\DionysosFX.Module.WebApi.Test\DionysosFX.Module.WebApi.Test.csproj", "{C950CB16-6BA7-404A-8724-7B49FFF26DC3}"
EndProject
Project("{9A19103F-16F7-4668-BE54-9A1E7A4F7556}") = "DionysosFX.Module.WebSocket.Test", "test\DionysosFX.Module.WebSocket.Test\DionysosFX.Module.WebSocket.Test.csproj", "{980DB7C7-682D-4FDA-B360-2FFEDA76477E}"
EndProject
Project("{2150E333-8FDC-42A3-9474-1A3956D46DE8}") = "Solution Items", "Solution Items", "{340F28D0-8510-474C-A0F0-3B78C40EB6A1}"
	ProjectSection(SolutionItems) = preProject
		logo.ico = logo.ico
		logo.png = logo.png
	EndProjectSection
EndProject
Global
	GlobalSection(SolutionConfigurationPlatforms) = preSolution
		Debug|Any CPU = Debug|Any CPU
		Release|Any CPU = Release|Any CPU
	EndGlobalSection
	GlobalSection(ProjectConfigurationPlatforms) = postSolution
		{FFBDA4BA-ED22-4846-B5CF-764F06DA6522}.Debug|Any CPU.ActiveCfg = Debug|Any CPU
		{FFBDA4BA-ED22-4846-B5CF-764F06DA6522}.Debug|Any CPU.Build.0 = Debug|Any CPU
		{FFBDA4BA-ED22-4846-B5CF-764F06DA6522}.Release|Any CPU.ActiveCfg = Release|Any CPU
		{FFBDA4BA-ED22-4846-B5CF-764F06DA6522}.Release|Any CPU.Build.0 = Release|Any CPU
		{DED9D86E-BDF1-4303-845B-A5F98CEE2319}.Debug|Any CPU.ActiveCfg = Debug|Any CPU
		{DED9D86E-BDF1-4303-845B-A5F98CEE2319}.Debug|Any CPU.Build.0 = Debug|Any CPU
		{DED9D86E-BDF1-4303-845B-A5F98CEE2319}.Release|Any CPU.ActiveCfg = Release|Any CPU
		{DED9D86E-BDF1-4303-845B-A5F98CEE2319}.Release|Any CPU.Build.0 = Release|Any CPU
		{BCF2396D-746D-4BE4-B301-05AF974121F9}.Debug|Any CPU.ActiveCfg = Debug|Any CPU
		{BCF2396D-746D-4BE4-B301-05AF974121F9}.Debug|Any CPU.Build.0 = Debug|Any CPU
		{BCF2396D-746D-4BE4-B301-05AF974121F9}.Release|Any CPU.ActiveCfg = Release|Any CPU
		{BCF2396D-746D-4BE4-B301-05AF974121F9}.Release|Any CPU.Build.0 = Release|Any CPU
		{C03D7200-F60C-465F-97EB-A2574FD45DD3}.Debug|Any CPU.ActiveCfg = Debug|Any CPU
		{C03D7200-F60C-465F-97EB-A2574FD45DD3}.Debug|Any CPU.Build.0 = Debug|Any CPU
		{C03D7200-F60C-465F-97EB-A2574FD45DD3}.Release|Any CPU.ActiveCfg = Release|Any CPU
		{C03D7200-F60C-465F-97EB-A2574FD45DD3}.Release|Any CPU.Build.0 = Release|Any CPU
		{3825E263-4D29-447B-91A5-312DFB6B175F}.Debug|Any CPU.ActiveCfg = Debug|Any CPU
		{3825E263-4D29-447B-91A5-312DFB6B175F}.Debug|Any CPU.Build.0 = Debug|Any CPU
		{3825E263-4D29-447B-91A5-312DFB6B175F}.Release|Any CPU.ActiveCfg = Release|Any CPU
		{3825E263-4D29-447B-91A5-312DFB6B175F}.Release|Any CPU.Build.0 = Release|Any CPU
		{09E6FF0A-59B2-4EF3-9053-252DCD9D7D96}.Debug|Any CPU.ActiveCfg = Debug|Any CPU
		{09E6FF0A-59B2-4EF3-9053-252DCD9D7D96}.Debug|Any CPU.Build.0 = Debug|Any CPU
		{09E6FF0A-59B2-4EF3-9053-252DCD9D7D96}.Release|Any CPU.ActiveCfg = Release|Any CPU
		{09E6FF0A-59B2-4EF3-9053-252DCD9D7D96}.Release|Any CPU.Build.0 = Release|Any CPU
		{8E51D603-3489-4BA2-BC48-2BC0E7D50FB5}.Debug|Any CPU.ActiveCfg = Debug|Any CPU
		{8E51D603-3489-4BA2-BC48-2BC0E7D50FB5}.Debug|Any CPU.Build.0 = Debug|Any CPU
		{8E51D603-3489-4BA2-BC48-2BC0E7D50FB5}.Release|Any CPU.ActiveCfg = Release|Any CPU
		{8E51D603-3489-4BA2-BC48-2BC0E7D50FB5}.Release|Any CPU.Build.0 = Release|Any CPU
		{B70C4E1F-9136-4238-A617-38DEA38A4423}.Debug|Any CPU.ActiveCfg = Debug|Any CPU
		{B70C4E1F-9136-4238-A617-38DEA38A4423}.Debug|Any CPU.Build.0 = Debug|Any CPU
		{B70C4E1F-9136-4238-A617-38DEA38A4423}.Release|Any CPU.ActiveCfg = Release|Any CPU
		{B70C4E1F-9136-4238-A617-38DEA38A4423}.Release|Any CPU.Build.0 = Release|Any CPU
		{E62C27FA-E0B9-4377-8DC7-2C1B9A11BB8B}.Debug|Any CPU.ActiveCfg = Debug|Any CPU
		{E62C27FA-E0B9-4377-8DC7-2C1B9A11BB8B}.Debug|Any CPU.Build.0 = Debug|Any CPU
		{E62C27FA-E0B9-4377-8DC7-2C1B9A11BB8B}.Release|Any CPU.ActiveCfg = Release|Any CPU
		{E62C27FA-E0B9-4377-8DC7-2C1B9A11BB8B}.Release|Any CPU.Build.0 = Release|Any CPU
		{09991608-7CC3-40F6-A69D-F78B2ED494D7}.Debug|Any CPU.ActiveCfg = Debug|Any CPU
		{09991608-7CC3-40F6-A69D-F78B2ED494D7}.Debug|Any CPU.Build.0 = Debug|Any CPU
		{09991608-7CC3-40F6-A69D-F78B2ED494D7}.Release|Any CPU.ActiveCfg = Release|Any CPU
		{09991608-7CC3-40F6-A69D-F78B2ED494D7}.Release|Any CPU.Build.0 = Release|Any CPU
		{CF28EBCC-CB31-4904-AC5E-68A0FDDD81BF}.Debug|Any CPU.ActiveCfg = Debug|Any CPU
		{CF28EBCC-CB31-4904-AC5E-68A0FDDD81BF}.Debug|Any CPU.Build.0 = Debug|Any CPU
		{CF28EBCC-CB31-4904-AC5E-68A0FDDD81BF}.Release|Any CPU.ActiveCfg = Release|Any CPU
		{CF28EBCC-CB31-4904-AC5E-68A0FDDD81BF}.Release|Any CPU.Build.0 = Release|Any CPU
		{E5551B9C-BB68-497B-AA94-74A5949B6F29}.Debug|Any CPU.ActiveCfg = Debug|Any CPU
		{E5551B9C-BB68-497B-AA94-74A5949B6F29}.Debug|Any CPU.Build.0 = Debug|Any CPU
		{E5551B9C-BB68-497B-AA94-74A5949B6F29}.Release|Any CPU.ActiveCfg = Release|Any CPU
		{E5551B9C-BB68-497B-AA94-74A5949B6F29}.Release|Any CPU.Build.0 = Release|Any CPU
		{881D9924-A161-4882-B54E-FA7F7DB72D76}.Debug|Any CPU.ActiveCfg = Debug|Any CPU
		{881D9924-A161-4882-B54E-FA7F7DB72D76}.Debug|Any CPU.Build.0 = Debug|Any CPU
		{881D9924-A161-4882-B54E-FA7F7DB72D76}.Release|Any CPU.ActiveCfg = Release|Any CPU
		{881D9924-A161-4882-B54E-FA7F7DB72D76}.Release|Any CPU.Build.0 = Release|Any CPU
		{AC4B1756-F8A4-42CF-A383-C7C9256C79B9}.Debug|Any CPU.ActiveCfg = Debug|Any CPU
		{AC4B1756-F8A4-42CF-A383-C7C9256C79B9}.Debug|Any CPU.Build.0 = Debug|Any CPU
		{AC4B1756-F8A4-42CF-A383-C7C9256C79B9}.Release|Any CPU.ActiveCfg = Release|Any CPU
		{AC4B1756-F8A4-42CF-A383-C7C9256C79B9}.Release|Any CPU.Build.0 = Release|Any CPU
		{C950CB16-6BA7-404A-8724-7B49FFF26DC3}.Debug|Any CPU.ActiveCfg = Debug|Any CPU
		{C950CB16-6BA7-404A-8724-7B49FFF26DC3}.Debug|Any CPU.Build.0 = Debug|Any CPU
		{C950CB16-6BA7-404A-8724-7B49FFF26DC3}.Release|Any CPU.ActiveCfg = Release|Any CPU
		{C950CB16-6BA7-404A-8724-7B49FFF26DC3}.Release|Any CPU.Build.0 = Release|Any CPU
		{980DB7C7-682D-4FDA-B360-2FFEDA76477E}.Debug|Any CPU.ActiveCfg = Debug|Any CPU
		{980DB7C7-682D-4FDA-B360-2FFEDA76477E}.Debug|Any CPU.Build.0 = Debug|Any CPU
		{980DB7C7-682D-4FDA-B360-2FFEDA76477E}.Release|Any CPU.ActiveCfg = Release|Any CPU
		{980DB7C7-682D-4FDA-B360-2FFEDA76477E}.Release|Any CPU.Build.0 = Release|Any CPU
	EndGlobalSection
	GlobalSection(SolutionProperties) = preSolution
		HideSolutionNode = FALSE
	EndGlobalSection
	GlobalSection(NestedProjects) = preSolution
		{FFBDA4BA-ED22-4846-B5CF-764F06DA6522} = {59E30FED-7AE3-4AB8-AF4D-036891BDACA0}
		{DED9D86E-BDF1-4303-845B-A5F98CEE2319} = {359CCA25-D27B-4EE5-A3C3-428745E27EB3}
		{BCF2396D-746D-4BE4-B301-05AF974121F9} = {D5C10A04-B629-4B38-9483-C00A239C2B3F}
		{C03D7200-F60C-465F-97EB-A2574FD45DD3} = {C6DA0C85-A059-4B2E-8DD5-631ABB4FAAAC}
		{3825E263-4D29-447B-91A5-312DFB6B175F} = {C6DA0C85-A059-4B2E-8DD5-631ABB4FAAAC}
		{09E6FF0A-59B2-4EF3-9053-252DCD9D7D96} = {C6DA0C85-A059-4B2E-8DD5-631ABB4FAAAC}
		{8E51D603-3489-4BA2-BC48-2BC0E7D50FB5} = {C6DA0C85-A059-4B2E-8DD5-631ABB4FAAAC}
		{B70C4E1F-9136-4238-A617-38DEA38A4423} = {C6DA0C85-A059-4B2E-8DD5-631ABB4FAAAC}
		{E62C27FA-E0B9-4377-8DC7-2C1B9A11BB8B} = {C6DA0C85-A059-4B2E-8DD5-631ABB4FAAAC}
		{09991608-7CC3-40F6-A69D-F78B2ED494D7} = {14B3CC56-9B46-48AD-8DCD-E18A458D08C9}
		{CF28EBCC-CB31-4904-AC5E-68A0FDDD81BF} = {C6DA0C85-A059-4B2E-8DD5-631ABB4FAAAC}
		{E5551B9C-BB68-497B-AA94-74A5949B6F29} = {C6DA0C85-A059-4B2E-8DD5-631ABB4FAAAC}
		{881D9924-A161-4882-B54E-FA7F7DB72D76} = {C6DA0C85-A059-4B2E-8DD5-631ABB4FAAAC}
		{AC4B1756-F8A4-42CF-A383-C7C9256C79B9} = {C6DA0C85-A059-4B2E-8DD5-631ABB4FAAAC}
		{C950CB16-6BA7-404A-8724-7B49FFF26DC3} = {C6DA0C85-A059-4B2E-8DD5-631ABB4FAAAC}
		{980DB7C7-682D-4FDA-B360-2FFEDA76477E} = {C6DA0C85-A059-4B2E-8DD5-631ABB4FAAAC}
	EndGlobalSection
	GlobalSection(ExtensibilityGlobals) = postSolution
		SolutionGuid = {649875DE-A7F9-4D8E-BD5C-D785B7554E16}
	EndGlobalSection
EndGlobal
