
Microsoft Visual Studio Solution File, Format Version 12.00
# Visual Studio Version 16
VisualStudioVersion = 16.6.30114.105
MinimumVisualStudioVersion = 10.0.40219.1
Project("{2150E333-8FDC-42A3-9474-1A3956D46DE8}") = "Swan", "Swan", "{5DC21C9E-2301-43EF-9D5A-575A8625B6F0}"
EndProject
Project("{2150E333-8FDC-42A3-9474-1A3956D46DE8}") = "src", "src", "{4072C514-DEDF-4B6C-AFDF-758D4A0182C5}"
EndProject
Project("{2150E333-8FDC-42A3-9474-1A3956D46DE8}") = "Sample", "Sample", "{40D3F7D6-8FAE-4E8A-94F4-8C4F2BC274BA}"
EndProject
Project("{2150E333-8FDC-42A3-9474-1A3956D46DE8}") = "src", "src", "{6F9013A2-7032-4F8D-8B0D-C0A0A2C9F8F4}"
EndProject
Project("{9A19103F-16F7-4668-BE54-9A1E7A4F7556}") = "DionysosFX.Sample", "src\Sample\src\DionysosFX.Sample\DionysosFX.Sample.csproj", "{F333F12D-6165-4B8D-9571-4F015E35DD9A}"
EndProject
Project("{2150E333-8FDC-42A3-9474-1A3956D46DE8}") = "Host", "Host", "{B1C95286-B525-4937-B456-01C683831BB5}"
EndProject
Project("{2150E333-8FDC-42A3-9474-1A3956D46DE8}") = "src", "src", "{D503D4F5-AE85-465C-9BE3-4EAF326133B9}"
EndProject
Project("{9A19103F-16F7-4668-BE54-9A1E7A4F7556}") = "DionysosFX.Host", "src\Host\src\DionysosFX.Host\DionysosFX.Host.csproj", "{2BF358A6-2186-481A-A885-871D81AAA02E}"
EndProject
Project("{9A19103F-16F7-4668-BE54-9A1E7A4F7556}") = "DionysosFX.Swan", "src\Swan\src\DionysosFX.Swan\DionysosFX.Swan.csproj", "{DEBFE3F3-DCA3-4B5D-BEE7-B71AD61CD2A9}"
EndProject
Project("{2150E333-8FDC-42A3-9474-1A3956D46DE8}") = "Routing", "Routing", "{751A1536-15F1-439E-8F82-2F30BAA1C12E}"
EndProject
Project("{2150E333-8FDC-42A3-9474-1A3956D46DE8}") = "WebApi", "WebApi", "{26C86A95-C785-409C-AB84-E877856E8C6E}"
EndProject
Project("{2150E333-8FDC-42A3-9474-1A3956D46DE8}") = "src", "src", "{B1371DC8-5BF0-4B6E-80BD-9D792241A4A7}"
EndProject
Project("{2150E333-8FDC-42A3-9474-1A3956D46DE8}") = "test", "test", "{9AF82B11-CD1A-4E48-9E69-64D3A69BA05B}"
EndProject
Project("{2150E333-8FDC-42A3-9474-1A3956D46DE8}") = "src", "src", "{E685D31E-9023-4723-B19F-F1D3BAE1082F}"
EndProject
Project("{2150E333-8FDC-42A3-9474-1A3956D46DE8}") = "test", "test", "{174D68C0-C5C0-4911-8D44-5743E4359624}"
EndProject
Project("{FAE04EC0-301F-11D3-BF4B-00C04F79EFBC}") = "DionysosFX.Routing", "src\Routing\src\DionysosFX.Routing\DionysosFX.Routing.csproj", "{89E5C362-00D4-463D-A1FA-61C8C4B87F57}"
EndProject
Project("{FAE04EC0-301F-11D3-BF4B-00C04F79EFBC}") = "DionysosFX.Routing.Test", "src\Routing\test\DionysosFX.Routing.Test\DionysosFX.Routing.Test.csproj", "{E8981C63-9F13-43BB-861C-8217A47F0097}"
EndProject
Project("{FAE04EC0-301F-11D3-BF4B-00C04F79EFBC}") = "DionysosFX.WebApi", "src\WebApi\src\DionysosFX.WebApi\DionysosFX.WebApi.csproj", "{96FCE1DB-889A-46FE-8DB6-B6FF912A6B36}"
EndProject
Project("{FAE04EC0-301F-11D3-BF4B-00C04F79EFBC}") = "DionysosFX.WebApi.Test", "src\WebApi\test\DionysosFX.WebApi.Test\DionysosFX.WebApi.Test.csproj", "{D8D5E817-100E-4AB3-BEA7-B195A6F34C4B}"
EndProject
Global
	GlobalSection(SolutionConfigurationPlatforms) = preSolution
		Debug|Any CPU = Debug|Any CPU
		Debug|x64 = Debug|x64
		Debug|x86 = Debug|x86
		Release|Any CPU = Release|Any CPU
		Release|x64 = Release|x64
		Release|x86 = Release|x86
	EndGlobalSection
	GlobalSection(ProjectConfigurationPlatforms) = postSolution
		{F333F12D-6165-4B8D-9571-4F015E35DD9A}.Debug|Any CPU.ActiveCfg = Debug|Any CPU
		{F333F12D-6165-4B8D-9571-4F015E35DD9A}.Debug|Any CPU.Build.0 = Debug|Any CPU
		{F333F12D-6165-4B8D-9571-4F015E35DD9A}.Debug|x64.ActiveCfg = Debug|Any CPU
		{F333F12D-6165-4B8D-9571-4F015E35DD9A}.Debug|x64.Build.0 = Debug|Any CPU
		{F333F12D-6165-4B8D-9571-4F015E35DD9A}.Debug|x86.ActiveCfg = Debug|Any CPU
		{F333F12D-6165-4B8D-9571-4F015E35DD9A}.Debug|x86.Build.0 = Debug|Any CPU
		{F333F12D-6165-4B8D-9571-4F015E35DD9A}.Release|Any CPU.ActiveCfg = Release|Any CPU
		{F333F12D-6165-4B8D-9571-4F015E35DD9A}.Release|Any CPU.Build.0 = Release|Any CPU
		{F333F12D-6165-4B8D-9571-4F015E35DD9A}.Release|x64.ActiveCfg = Release|Any CPU
		{F333F12D-6165-4B8D-9571-4F015E35DD9A}.Release|x64.Build.0 = Release|Any CPU
		{F333F12D-6165-4B8D-9571-4F015E35DD9A}.Release|x86.ActiveCfg = Release|Any CPU
		{F333F12D-6165-4B8D-9571-4F015E35DD9A}.Release|x86.Build.0 = Release|Any CPU
		{2BF358A6-2186-481A-A885-871D81AAA02E}.Debug|Any CPU.ActiveCfg = Debug|Any CPU
		{2BF358A6-2186-481A-A885-871D81AAA02E}.Debug|Any CPU.Build.0 = Debug|Any CPU
		{2BF358A6-2186-481A-A885-871D81AAA02E}.Debug|x64.ActiveCfg = Debug|Any CPU
		{2BF358A6-2186-481A-A885-871D81AAA02E}.Debug|x64.Build.0 = Debug|Any CPU
		{2BF358A6-2186-481A-A885-871D81AAA02E}.Debug|x86.ActiveCfg = Debug|Any CPU
		{2BF358A6-2186-481A-A885-871D81AAA02E}.Debug|x86.Build.0 = Debug|Any CPU
		{2BF358A6-2186-481A-A885-871D81AAA02E}.Release|Any CPU.ActiveCfg = Release|Any CPU
		{2BF358A6-2186-481A-A885-871D81AAA02E}.Release|Any CPU.Build.0 = Release|Any CPU
		{2BF358A6-2186-481A-A885-871D81AAA02E}.Release|x64.ActiveCfg = Release|Any CPU
		{2BF358A6-2186-481A-A885-871D81AAA02E}.Release|x64.Build.0 = Release|Any CPU
		{2BF358A6-2186-481A-A885-871D81AAA02E}.Release|x86.ActiveCfg = Release|Any CPU
		{2BF358A6-2186-481A-A885-871D81AAA02E}.Release|x86.Build.0 = Release|Any CPU
		{DEBFE3F3-DCA3-4B5D-BEE7-B71AD61CD2A9}.Debug|Any CPU.ActiveCfg = Debug|Any CPU
		{DEBFE3F3-DCA3-4B5D-BEE7-B71AD61CD2A9}.Debug|Any CPU.Build.0 = Debug|Any CPU
		{DEBFE3F3-DCA3-4B5D-BEE7-B71AD61CD2A9}.Debug|x64.ActiveCfg = Debug|Any CPU
		{DEBFE3F3-DCA3-4B5D-BEE7-B71AD61CD2A9}.Debug|x64.Build.0 = Debug|Any CPU
		{DEBFE3F3-DCA3-4B5D-BEE7-B71AD61CD2A9}.Debug|x86.ActiveCfg = Debug|Any CPU
		{DEBFE3F3-DCA3-4B5D-BEE7-B71AD61CD2A9}.Debug|x86.Build.0 = Debug|Any CPU
		{DEBFE3F3-DCA3-4B5D-BEE7-B71AD61CD2A9}.Release|Any CPU.ActiveCfg = Release|Any CPU
		{DEBFE3F3-DCA3-4B5D-BEE7-B71AD61CD2A9}.Release|Any CPU.Build.0 = Release|Any CPU
		{DEBFE3F3-DCA3-4B5D-BEE7-B71AD61CD2A9}.Release|x64.ActiveCfg = Release|Any CPU
		{DEBFE3F3-DCA3-4B5D-BEE7-B71AD61CD2A9}.Release|x64.Build.0 = Release|Any CPU
		{DEBFE3F3-DCA3-4B5D-BEE7-B71AD61CD2A9}.Release|x86.ActiveCfg = Release|Any CPU
		{DEBFE3F3-DCA3-4B5D-BEE7-B71AD61CD2A9}.Release|x86.Build.0 = Release|Any CPU
		{89E5C362-00D4-463D-A1FA-61C8C4B87F57}.Debug|Any CPU.ActiveCfg = Debug|Any CPU
		{89E5C362-00D4-463D-A1FA-61C8C4B87F57}.Debug|Any CPU.Build.0 = Debug|Any CPU
		{89E5C362-00D4-463D-A1FA-61C8C4B87F57}.Debug|x64.ActiveCfg = Debug|Any CPU
		{89E5C362-00D4-463D-A1FA-61C8C4B87F57}.Debug|x64.Build.0 = Debug|Any CPU
		{89E5C362-00D4-463D-A1FA-61C8C4B87F57}.Debug|x86.ActiveCfg = Debug|Any CPU
		{89E5C362-00D4-463D-A1FA-61C8C4B87F57}.Debug|x86.Build.0 = Debug|Any CPU
		{89E5C362-00D4-463D-A1FA-61C8C4B87F57}.Release|Any CPU.ActiveCfg = Release|Any CPU
		{89E5C362-00D4-463D-A1FA-61C8C4B87F57}.Release|Any CPU.Build.0 = Release|Any CPU
		{89E5C362-00D4-463D-A1FA-61C8C4B87F57}.Release|x64.ActiveCfg = Release|Any CPU
		{89E5C362-00D4-463D-A1FA-61C8C4B87F57}.Release|x64.Build.0 = Release|Any CPU
		{89E5C362-00D4-463D-A1FA-61C8C4B87F57}.Release|x86.ActiveCfg = Release|Any CPU
		{89E5C362-00D4-463D-A1FA-61C8C4B87F57}.Release|x86.Build.0 = Release|Any CPU
		{E8981C63-9F13-43BB-861C-8217A47F0097}.Debug|Any CPU.ActiveCfg = Debug|Any CPU
		{E8981C63-9F13-43BB-861C-8217A47F0097}.Debug|Any CPU.Build.0 = Debug|Any CPU
		{E8981C63-9F13-43BB-861C-8217A47F0097}.Debug|x64.ActiveCfg = Debug|Any CPU
		{E8981C63-9F13-43BB-861C-8217A47F0097}.Debug|x64.Build.0 = Debug|Any CPU
		{E8981C63-9F13-43BB-861C-8217A47F0097}.Debug|x86.ActiveCfg = Debug|Any CPU
		{E8981C63-9F13-43BB-861C-8217A47F0097}.Debug|x86.Build.0 = Debug|Any CPU
		{E8981C63-9F13-43BB-861C-8217A47F0097}.Release|Any CPU.ActiveCfg = Release|Any CPU
		{E8981C63-9F13-43BB-861C-8217A47F0097}.Release|Any CPU.Build.0 = Release|Any CPU
		{E8981C63-9F13-43BB-861C-8217A47F0097}.Release|x64.ActiveCfg = Release|Any CPU
		{E8981C63-9F13-43BB-861C-8217A47F0097}.Release|x64.Build.0 = Release|Any CPU
		{E8981C63-9F13-43BB-861C-8217A47F0097}.Release|x86.ActiveCfg = Release|Any CPU
		{E8981C63-9F13-43BB-861C-8217A47F0097}.Release|x86.Build.0 = Release|Any CPU
		{96FCE1DB-889A-46FE-8DB6-B6FF912A6B36}.Debug|Any CPU.ActiveCfg = Debug|Any CPU
		{96FCE1DB-889A-46FE-8DB6-B6FF912A6B36}.Debug|Any CPU.Build.0 = Debug|Any CPU
		{96FCE1DB-889A-46FE-8DB6-B6FF912A6B36}.Debug|x64.ActiveCfg = Debug|Any CPU
		{96FCE1DB-889A-46FE-8DB6-B6FF912A6B36}.Debug|x64.Build.0 = Debug|Any CPU
		{96FCE1DB-889A-46FE-8DB6-B6FF912A6B36}.Debug|x86.ActiveCfg = Debug|Any CPU
		{96FCE1DB-889A-46FE-8DB6-B6FF912A6B36}.Debug|x86.Build.0 = Debug|Any CPU
		{96FCE1DB-889A-46FE-8DB6-B6FF912A6B36}.Release|Any CPU.ActiveCfg = Release|Any CPU
		{96FCE1DB-889A-46FE-8DB6-B6FF912A6B36}.Release|Any CPU.Build.0 = Release|Any CPU
		{96FCE1DB-889A-46FE-8DB6-B6FF912A6B36}.Release|x64.ActiveCfg = Release|Any CPU
		{96FCE1DB-889A-46FE-8DB6-B6FF912A6B36}.Release|x64.Build.0 = Release|Any CPU
		{96FCE1DB-889A-46FE-8DB6-B6FF912A6B36}.Release|x86.ActiveCfg = Release|Any CPU
		{96FCE1DB-889A-46FE-8DB6-B6FF912A6B36}.Release|x86.Build.0 = Release|Any CPU
		{D8D5E817-100E-4AB3-BEA7-B195A6F34C4B}.Debug|Any CPU.ActiveCfg = Debug|Any CPU
		{D8D5E817-100E-4AB3-BEA7-B195A6F34C4B}.Debug|Any CPU.Build.0 = Debug|Any CPU
		{D8D5E817-100E-4AB3-BEA7-B195A6F34C4B}.Debug|x64.ActiveCfg = Debug|Any CPU
		{D8D5E817-100E-4AB3-BEA7-B195A6F34C4B}.Debug|x64.Build.0 = Debug|Any CPU
		{D8D5E817-100E-4AB3-BEA7-B195A6F34C4B}.Debug|x86.ActiveCfg = Debug|Any CPU
		{D8D5E817-100E-4AB3-BEA7-B195A6F34C4B}.Debug|x86.Build.0 = Debug|Any CPU
		{D8D5E817-100E-4AB3-BEA7-B195A6F34C4B}.Release|Any CPU.ActiveCfg = Release|Any CPU
		{D8D5E817-100E-4AB3-BEA7-B195A6F34C4B}.Release|Any CPU.Build.0 = Release|Any CPU
		{D8D5E817-100E-4AB3-BEA7-B195A6F34C4B}.Release|x64.ActiveCfg = Release|Any CPU
		{D8D5E817-100E-4AB3-BEA7-B195A6F34C4B}.Release|x64.Build.0 = Release|Any CPU
		{D8D5E817-100E-4AB3-BEA7-B195A6F34C4B}.Release|x86.ActiveCfg = Release|Any CPU
		{D8D5E817-100E-4AB3-BEA7-B195A6F34C4B}.Release|x86.Build.0 = Release|Any CPU
	EndGlobalSection
	GlobalSection(SolutionProperties) = preSolution
		HideSolutionNode = FALSE
	EndGlobalSection
	GlobalSection(NestedProjects) = preSolution
		{4072C514-DEDF-4B6C-AFDF-758D4A0182C5} = {5DC21C9E-2301-43EF-9D5A-575A8625B6F0}
		{6F9013A2-7032-4F8D-8B0D-C0A0A2C9F8F4} = {40D3F7D6-8FAE-4E8A-94F4-8C4F2BC274BA}
		{F333F12D-6165-4B8D-9571-4F015E35DD9A} = {6F9013A2-7032-4F8D-8B0D-C0A0A2C9F8F4}
		{D503D4F5-AE85-465C-9BE3-4EAF326133B9} = {B1C95286-B525-4937-B456-01C683831BB5}
		{2BF358A6-2186-481A-A885-871D81AAA02E} = {D503D4F5-AE85-465C-9BE3-4EAF326133B9}
		{DEBFE3F3-DCA3-4B5D-BEE7-B71AD61CD2A9} = {4072C514-DEDF-4B6C-AFDF-758D4A0182C5}
		{B1371DC8-5BF0-4B6E-80BD-9D792241A4A7} = {751A1536-15F1-439E-8F82-2F30BAA1C12E}
		{9AF82B11-CD1A-4E48-9E69-64D3A69BA05B} = {751A1536-15F1-439E-8F82-2F30BAA1C12E}
		{E685D31E-9023-4723-B19F-F1D3BAE1082F} = {26C86A95-C785-409C-AB84-E877856E8C6E}
		{174D68C0-C5C0-4911-8D44-5743E4359624} = {26C86A95-C785-409C-AB84-E877856E8C6E}
		{89E5C362-00D4-463D-A1FA-61C8C4B87F57} = {B1371DC8-5BF0-4B6E-80BD-9D792241A4A7}
		{E8981C63-9F13-43BB-861C-8217A47F0097} = {9AF82B11-CD1A-4E48-9E69-64D3A69BA05B}
		{96FCE1DB-889A-46FE-8DB6-B6FF912A6B36} = {E685D31E-9023-4723-B19F-F1D3BAE1082F}
		{D8D5E817-100E-4AB3-BEA7-B195A6F34C4B} = {174D68C0-C5C0-4911-8D44-5743E4359624}
	EndGlobalSection
	GlobalSection(ExtensibilityGlobals) = postSolution
		SolutionGuid = {FF12C55B-3348-47DC-AB6A-32523F3F7F28}
	EndGlobalSection
EndGlobal
